<?xml version="1.0" encoding="utf-8"?>
<Project ToolsVersion="4.0" xmlns="http://schemas.microsoft.com/developer/msbuild/2003">
  <ItemGroup>
    <FxCompile Include="..\..\DX11Shader\DX11_Empty\common.hlsl" />
    <FxCompile Include="..\..\DX11Shader\DX11_Empty\unlitTexturePS.hlsl" />
    <FxCompile Include="..\..\DX11Shader\DX11_Empty\unlitTextureVS.hlsl" />
    <FxCompile Include="..\..\DX11Shader\DX11_Empty\vertexLightingPS.hlsl" />
    <FxCompile Include="..\..\DX11Shader\DX11_Empty\vertexLightingVS.hlsl" />
  </ItemGroup>
  <ItemGroup>
    <ClCompile Include="audio.cpp" />
    <ClCompile Include="Camera.cpp" />
    <ClCompile Include="CBulet.cpp" />
    <ClCompile Include="Enemy.cpp" />
    <ClCompile Include="Explosion.cpp" />
    <ClCompile Include="FBXAnimation11.cpp" />
    <ClCompile Include="Field.cpp" />
    <ClCompile Include="Game.cpp" />
    <ClCompile Include="input.cpp" />
    <ClCompile Include="main.cpp" />
    <ClCompile Include="manager.cpp" />
    <ClCompile Include="model.cpp" />
    <ClCompile Include="Player.cpp" />
    <ClCompile Include="polygon2D.cpp" />
    <ClCompile Include="renderer.cpp" />
    <ClCompile Include="ResourceManager.cpp" />
    <ClCompile Include="Result.cpp" />
    <ClCompile Include="Sprite.cpp" />
    <ClCompile Include="Title.cpp" />
  </ItemGroup>
  <ItemGroup>
    <ClInclude Include="audio.h" />
    <ClInclude Include="Camera.h" />
    <ClInclude Include="CBulet.h" />
    <ClInclude Include="DXMatrix.h" />
    <ClInclude Include="DXVector.h" />
    <ClInclude Include="Enemy.h" />
    <ClInclude Include="Explosion.h" />
    <ClInclude Include="FBXAnimation11.h" />
    <ClInclude Include="Field.h" />
    <ClInclude Include="Game.h" />
    <ClInclude Include="GameObject.h" />
    <ClInclude Include="input.h" />
    <ClInclude Include="main.h" />
    <ClInclude Include="manager.h" />
    <ClInclude Include="model.h" />
    <ClInclude Include="Player.h" />
    <ClInclude Include="polygon2D.h" />
    <ClInclude Include="renderer.h" />
    <ClInclude Include="ResourceManager.h" />
    <ClInclude Include="Result.h" />
    <ClInclude Include="Scene.h" />
    <ClInclude Include="Singleton.h" />
    <ClInclude Include="Sprite.h" />
    <ClInclude Include="Title.h" />
    <ClInclude Include="DXQuaternion.h" />
  </ItemGroup>
</Project>